<?xml version="1.0" encoding="utf-8"?>
<Project ToolsVersion="4.0" xmlns="http://schemas.microsoft.com/developer/msbuild/2003">
  <ItemGroup>
    <Filter Include="Source Files">
      <UniqueIdentifier>{4FC737F1-C7A5-4376-A066-2A32D752A2FF}</UniqueIdentifier>
      <Extensions>cpp;c;cc;cxx;c++;cppm;ixx;def;odl;idl;hpj;bat;asm;asmx</Extensions>
    </Filter>
    <Filter Include="Header Files">
      <UniqueIdentifier>{93995380-89BD-4b04-88EB-625FBE52EBFB}</UniqueIdentifier>
      <Extensions>h;hh;hpp;hxx;h++;hm;inl;inc;ipp;xsd</Extensions>
    </Filter>
    <Filter Include="Resource Files">
      <UniqueIdentifier>{67DA6AB6-F800-4c08-8B7A-83BB121AAD01}</UniqueIdentifier>
      <Extensions>rc;ico;cur;bmp;dlg;rc2;rct;bin;rgs;gif;jpg;jpeg;jpe;resx;tiff;tif;png;wav;mfcribbon-ms</Extensions>
    </Filter>
    <Filter Include="Source Files\main">
      <UniqueIdentifier>{32d44d89-e53c-40a8-ae70-111024b0a227}</UniqueIdentifier>
    </Filter>
    <Filter Include="Source Files\GUI">
      <UniqueIdentifier>{4bbe5a60-92bb-4c41-b4e7-b4cbbd454efc}</UniqueIdentifier>
    </Filter>
    <Filter Include="Source Files\util">
      <UniqueIdentifier>{0ad9132f-6a31-4aac-8402-31129f0f9888}</UniqueIdentifier>
    </Filter>
    <Filter Include="Source Files\math">
      <UniqueIdentifier>{4f4f21fc-008c-4609-a313-3b95d8a0f656}</UniqueIdentifier>
    </Filter>
    <Filter Include="Source Files\render">
      <UniqueIdentifier>{3136260c-fea3-480d-a4d2-bda23bc5c272}</UniqueIdentifier>
    </Filter>
    <Filter Include="Source Files\input">
      <UniqueIdentifier>{33dbeeff-4d08-4aff-8615-747c0d6dbd61}</UniqueIdentifier>
    </Filter>
    <Filter Include="Source Files\program">
      <UniqueIdentifier>{dd47c56e-70b7-43fd-8153-ec8c1a905a93}</UniqueIdentifier>
    </Filter>
    <Filter Include="Source Files\Ext">
      <UniqueIdentifier>{f77bf439-8e8b-4b34-a8c5-5da56ea1a22f}</UniqueIdentifier>
    </Filter>
    <Filter Include="Source Files\Ext\tinyXML2">
      <UniqueIdentifier>{06d47a12-1eb3-4cf7-828b-47e1563b86e3}</UniqueIdentifier>
    </Filter>
    <Filter Include="Header Files\Ext">
      <UniqueIdentifier>{72a28352-8d53-46b5-af2a-9484e1a2d1b8}</UniqueIdentifier>
    </Filter>
    <Filter Include="Header Files\Ext\tinyXML2">
      <UniqueIdentifier>{9677ea44-5a53-495c-b3b9-52d7620513ce}</UniqueIdentifier>
    </Filter>
    <Filter Include="Header Files\GUI">
      <UniqueIdentifier>{0044ada9-e3c5-4589-b694-2648326681d8}</UniqueIdentifier>
    </Filter>
    <Filter Include="Header Files\main">
      <UniqueIdentifier>{63db98a9-aa33-482e-8f1e-988cec2e7ff3}</UniqueIdentifier>
    </Filter>
    <Filter Include="Header Files\util">
      <UniqueIdentifier>{c5588dcb-ce0c-4e10-9d93-a9d0904c1c2d}</UniqueIdentifier>
    </Filter>
    <Filter Include="Header Files\input">
      <UniqueIdentifier>{5caa87d0-14f6-4051-8c23-0045d2021c04}</UniqueIdentifier>
    </Filter>
    <Filter Include="Header Files\math">
      <UniqueIdentifier>{f8e483c7-6b99-442a-82a9-1fa475cc554a}</UniqueIdentifier>
    </Filter>
    <Filter Include="Header Files\program">
      <UniqueIdentifier>{5d47f258-1d43-4a76-97f0-e0d35860cd0b}</UniqueIdentifier>
    </Filter>
    <Filter Include="Header Files\render">
      <UniqueIdentifier>{4bd3ba9b-96cf-4fbe-b4e7-f3900f3910e6}</UniqueIdentifier>
    </Filter>
  </ItemGroup>
  <ItemGroup>
    <ClCompile Include="code\source\util\elastic_ptr.cpp">
      <Filter>Source Files\util</Filter>
    </ClCompile>
    <ClCompile Include="code\source\util\global_vars_gui.cpp">
      <Filter>Source Files\util</Filter>
    </ClCompile>
    <ClCompile Include="code\source\render\render_gui.cpp">
      <Filter>Source Files\render</Filter>
    </ClCompile>
    <ClCompile Include="code\source\render\paintHelper.cpp">
      <Filter>Source Files\render</Filter>
    </ClCompile>
    <ClCompile Include="code\source\program\pipe.cpp">
      <Filter>Source Files\program</Filter>
    </ClCompile>
    <ClCompile Include="code\source\math\geometry.cpp">
      <Filter>Source Files\math</Filter>
    </ClCompile>
    <ClCompile Include="code\source\main\dllmain_gui.cpp">
      <Filter>Source Files\main</Filter>
    </ClCompile>
    <ClCompile Include="code\source\input\input.cpp">
      <Filter>Source Files\input</Filter>
    </ClCompile>
    <ClCompile Include="code\source\GUI\GUI_internal.cpp">
      <Filter>Source Files\GUI</Filter>
    </ClCompile>
    <ClCompile Include="code\source\GUI\GUI_property.cpp">
      <Filter>Source Files\GUI</Filter>
    </ClCompile>
    <ClCompile Include="code\source\GUI\GUI_types.cpp">
      <Filter>Source Files\GUI</Filter>
    </ClCompile>
    <ClCompile Include="code\source\GUI\GUIbase.cpp">
      <Filter>Source Files\GUI</Filter>
    </ClCompile>
    <ClCompile Include="code\source\GUI\GUIbutton.cpp">
      <Filter>Source Files\GUI</Filter>
    </ClCompile>
    <ClCompile Include="code\source\GUI\GUIdropdownMenu.cpp">
      <Filter>Source Files\GUI</Filter>
    </ClCompile>
    <ClCompile Include="code\source\GUI\GUIframe.cpp">
      <Filter>Source Files\GUI</Filter>
    </ClCompile>
    <ClCompile Include="code\source\GUI\GUIgrid.cpp">
      <Filter>Source Files\GUI</Filter>
    </ClCompile>
    <ClCompile Include="code\source\GUI\GUIimage.cpp">
      <Filter>Source Files\GUI</Filter>
    </ClCompile>
    <ClCompile Include="code\source\GUI\GUIlabel.cpp">
      <Filter>Source Files\GUI</Filter>
    </ClCompile>
    <ClCompile Include="code\source\GUI\GUIrenderer.cpp">
      <Filter>Source Files\GUI</Filter>
    </ClCompile>
    <ClCompile Include="code\source\GUI\GUIrenderer_default.cpp">
      <Filter>Source Files\GUI</Filter>
    </ClCompile>
    <ClCompile Include="code\source\GUI\GUIscrollbar.cpp">
      <Filter>Source Files\GUI</Filter>
    </ClCompile>
    <ClCompile Include="code\source\GUI\GUIselectable.cpp">
      <Filter>Source Files\GUI</Filter>
    </ClCompile>
    <ClCompile Include="code\source\GUI\GUItextentry.cpp">
      <Filter>Source Files\GUI</Filter>
    </ClCompile>
    <ClCompile Include="code\source\GUI\GUIwindow.cpp">
      <Filter>Source Files\GUI</Filter>
    </ClCompile>
    <ClCompile Include="code\source\Ext\tinyXML2\tinyxml2.cpp">
      <Filter>Source Files\Ext\tinyXML2</Filter>
    </ClCompile>
  </ItemGroup>
  <ItemGroup>
    <ClInclude Include="code\include\Ext\tinyXML2\tinyxml2.h">
      <Filter>Header Files\Ext\tinyXML2</Filter>
    </ClInclude>
    <ClInclude Include="code\include\GUI\GUI.h">
      <Filter>Header Files\GUI</Filter>
    </ClInclude>
    <ClInclude Include="code\include\GUI\GUI_internal.h">
      <Filter>Header Files\GUI</Filter>
    </ClInclude>
    <ClInclude Include="code\include\GUI\GUI_property.h">
      <Filter>Header Files\GUI</Filter>
    </ClInclude>
    <ClInclude Include="code\include\GUI\GUI_types.h">
      <Filter>Header Files\GUI</Filter>
    </ClInclude>
    <ClInclude Include="code\include\GUI\GUIbase.h">
      <Filter>Header Files\GUI</Filter>
    </ClInclude>
    <ClInclude Include="code\include\GUI\GUIbutton.h">
      <Filter>Header Files\GUI</Filter>
    </ClInclude>
    <ClInclude Include="code\include\GUI\GUIdropdownMenu.h">
      <Filter>Header Files\GUI</Filter>
    </ClInclude>
    <ClInclude Include="code\include\GUI\GUIframe.h">
      <Filter>Header Files\GUI</Filter>
    </ClInclude>
    <ClInclude Include="code\include\GUI\GUIgrid.h">
      <Filter>Header Files\GUI</Filter>
    </ClInclude>
    <ClInclude Include="code\include\GUI\GUIimage.h">
      <Filter>Header Files\GUI</Filter>
    </ClInclude>
    <ClInclude Include="code\include\GUI\GUIlabel.h">
      <Filter>Header Files\GUI</Filter>
    </ClInclude>
    <ClInclude Include="code\include\GUI\GUIrenderer.h">
      <Filter>Header Files\GUI</Filter>
    </ClInclude>
    <ClInclude Include="code\include\GUI\GUIrenderer_default.h">
      <Filter>Header Files\GUI</Filter>
    </ClInclude>
    <ClInclude Include="code\include\GUI\GUIrenderer_win98.h">
      <Filter>Header Files\GUI</Filter>
    </ClInclude>
    <ClInclude Include="code\include\GUI\GUIscrollbar.h">
      <Filter>Header Files\GUI</Filter>
    </ClInclude>
    <ClInclude Include="code\include\GUI\GUIselectable.h">
      <Filter>Header Files\GUI</Filter>
    </ClInclude>
    <ClInclude Include="code\include\GUI\GUItextentry.h">
      <Filter>Header Files\GUI</Filter>
    </ClInclude>
    <ClInclude Include="code\include\GUI\GUIwindow.h">
      <Filter>Header Files\GUI</Filter>
    </ClInclude>
    <ClInclude Include="code\include\GUI\readme_GUI.h">
      <Filter>Header Files\GUI</Filter>
    </ClInclude>
    <ClInclude Include="code\include\main\framework_gui.h">
      <Filter>Header Files\main</Filter>
    </ClInclude>
    <ClInclude Include="code\include\util\global_vars_gui.h">
      <Filter>Header Files\util</Filter>
    </ClInclude>
    <ClInclude Include="code\include\input\input.h">
      <Filter>Header Files\input</Filter>
    </ClInclude>
    <ClInclude Include="code\include\math\geometry.h">
      <Filter>Header Files\math</Filter>
    </ClInclude>
    <ClInclude Include="code\include\program\pipe.h">
      <Filter>Header Files\program</Filter>
    </ClInclude>
    <ClInclude Include="code\include\render\paintHelper.h">
      <Filter>Header Files\render</Filter>
    </ClInclude>
    <ClInclude Include="code\include\util\elastic_ptr.h">
      <Filter>Header Files\util</Filter>
    </ClInclude>
    <ClInclude Include="code\include\util\globals_gui.h">
      <Filter>Header Files\util</Filter>
    </ClInclude>
    <ClInclude Include="code\include\input\keybinds.h">
      <Filter>Header Files\input</Filter>
    </ClInclude>
    <ClInclude Include="code\include\render\render_gui.h">
      <Filter>Header Files\render</Filter>
    </ClInclude>
  </ItemGroup>
</Project>