
Microsoft Visual Studio Solution File, Format Version 12.00
# Visual Studio Version 16
VisualStudioVersion = 16.0.30803.129
MinimumVisualStudioVersion = 10.0.40219.1
Project("{8BC9CEB8-8B4A-11D0-8D11-00A0C91BC942}") = "horizon", "horizon.vcxproj", "{08026C41-66BE-4025-B27E-78CBCD11E030}"
	ProjectSection(ProjectDependencies) = postProject
		{E887020F-B2C7-4D85-BB2D-E4E66B4DC963} = {E887020F-B2C7-4D85-BB2D-E4E66B4DC963}
	EndProjectSection
EndProject
Project("{8BC9CEB8-8B4A-11D0-8D11-00A0C91BC942}") = "horizonRender", "..\horizonRender\horizonRender.vcxproj", "{E887020F-B2C7-4D85-BB2D-E4E66B4DC963}"
EndProject
Project("{8BC9CEB8-8B4A-11D0-8D11-00A0C91BC942}") = "horizonOStools", "..\horizonOStools\horizonOStools.vcxproj", "{9C0C0DE3-C57D-4B0C-8307-35E1B4EEB06F}"
EndProject
Global
	GlobalSection(SolutionConfigurationPlatforms) = preSolution
		Debug|x64 = Debug|x64
		Debug|x86 = Debug|x86
		Release|x64 = Release|x64
		Release|x86 = Release|x86
	EndGlobalSection
	GlobalSection(ProjectConfigurationPlatforms) = postSolution
		{08026C41-66BE-4025-B27E-78CBCD11E030}.Debug|x64.ActiveCfg = Debug|x64
		{08026C41-66BE-4025-B27E-78CBCD11E030}.Debug|x64.Build.0 = Debug|x64
		{08026C41-66BE-4025-B27E-78CBCD11E030}.Debug|x86.ActiveCfg = Debug|Win32
		{08026C41-66BE-4025-B27E-78CBCD11E030}.Debug|x86.Build.0 = Debug|Win32
		{08026C41-66BE-4025-B27E-78CBCD11E030}.Release|x64.ActiveCfg = Release|x64
		{08026C41-66BE-4025-B27E-78CBCD11E030}.Release|x64.Build.0 = Release|x64
		{08026C41-66BE-4025-B27E-78CBCD11E030}.Release|x86.ActiveCfg = Release|Win32
		{08026C41-66BE-4025-B27E-78CBCD11E030}.Release|x86.Build.0 = Release|Win32
		{E887020F-B2C7-4D85-BB2D-E4E66B4DC963}.Debug|x64.ActiveCfg = Debug|x64
		{E887020F-B2C7-4D85-BB2D-E4E66B4DC963}.Debug|x64.Build.0 = Debug|x64
		{E887020F-B2C7-4D85-BB2D-E4E66B4DC963}.Debug|x86.ActiveCfg = Debug|Win32
		{E887020F-B2C7-4D85-BB2D-E4E66B4DC963}.Debug|x86.Build.0 = Debug|Win32
		{E887020F-B2C7-4D85-BB2D-E4E66B4DC963}.Release|x64.ActiveCfg = Release|x64
		{E887020F-B2C7-4D85-BB2D-E4E66B4DC963}.Release|x64.Build.0 = Release|x64
		{E887020F-B2C7-4D85-BB2D-E4E66B4DC963}.Release|x86.ActiveCfg = Release|Win32
		{E887020F-B2C7-4D85-BB2D-E4E66B4DC963}.Release|x86.Build.0 = Release|Win32
		{9C0C0DE3-C57D-4B0C-8307-35E1B4EEB06F}.Debug|x64.ActiveCfg = Debug|x64
		{9C0C0DE3-C57D-4B0C-8307-35E1B4EEB06F}.Debug|x64.Build.0 = Debug|x64
		{9C0C0DE3-C57D-4B0C-8307-35E1B4EEB06F}.Debug|x86.ActiveCfg = Debug|Win32
		{9C0C0DE3-C57D-4B0C-8307-35E1B4EEB06F}.Debug|x86.Build.0 = Debug|Win32
		{9C0C0DE3-C57D-4B0C-8307-35E1B4EEB06F}.Release|x64.ActiveCfg = Release|x64
		{9C0C0DE3-C57D-4B0C-8307-35E1B4EEB06F}.Release|x64.Build.0 = Release|x64
		{9C0C0DE3-C57D-4B0C-8307-35E1B4EEB06F}.Release|x86.ActiveCfg = Release|Win32
		{9C0C0DE3-C57D-4B0C-8307-35E1B4EEB06F}.Release|x86.Build.0 = Release|Win32
	EndGlobalSection
	GlobalSection(SolutionProperties) = preSolution
		HideSolutionNode = FALSE
	EndGlobalSection
	GlobalSection(ExtensibilityGlobals) = postSolution
		SolutionGuid = {AD7604E3-99A6-4460-A3BF-6EC6D068693B}
	EndGlobalSection
EndGlobal
