
Microsoft Visual Studio Solution File, Format Version 12.00
# Visual Studio Version 17
VisualStudioVersion = 17.1.32407.343
MinimumVisualStudioVersion = 10.0.40219.1
Project("{8BC9CEB8-8B4A-11D0-8D11-00A0C91BC942}") = "horizonRender", "..\horizonRender\horizonRender.vcxproj", "{E887020F-B2C7-4D85-BB2D-E4E66B4DC963}"
	ProjectSection(ProjectDependencies) = postProject
		{8AE48058-0B1C-4A39-B087-59B21744F892} = {8AE48058-0B1C-4A39-B087-59B21744F892}
		{941EBC91-E1AB-4801-BBD9-00D0A348DDD4} = {941EBC91-E1AB-4801-BBD9-00D0A348DDD4}
		{6A95DEB4-D20D-4C63-9DCF-691B6FD730BA} = {6A95DEB4-D20D-4C63-9DCF-691B6FD730BA}
	EndProjectSection
EndProject
Project("{8BC9CEB8-8B4A-11D0-8D11-00A0C91BC942}") = "horizonGUI", "..\horizonGUI\horizonGUI.vcxproj", "{5D94DC42-3BC3-46F0-8A0E-5D9A832F107B}"
	ProjectSection(ProjectDependencies) = postProject
		{E887020F-B2C7-4D85-BB2D-E4E66B4DC963} = {E887020F-B2C7-4D85-BB2D-E4E66B4DC963}
		{8AE48058-0B1C-4A39-B087-59B21744F892} = {8AE48058-0B1C-4A39-B087-59B21744F892}
		{941EBC91-E1AB-4801-BBD9-00D0A348DDD4} = {941EBC91-E1AB-4801-BBD9-00D0A348DDD4}
		{6A95DEB4-D20D-4C63-9DCF-691B6FD730BA} = {6A95DEB4-D20D-4C63-9DCF-691B6FD730BA}
	EndProjectSection
EndProject
Project("{8BC9CEB8-8B4A-11D0-8D11-00A0C91BC942}") = "horizonApp", "..\horizonApp\horizonApp.vcxproj", "{F46A28B0-986B-4EB4-A165-FF9090C91E0F}"
	ProjectSection(ProjectDependencies) = postProject
		{E887020F-B2C7-4D85-BB2D-E4E66B4DC963} = {E887020F-B2C7-4D85-BB2D-E4E66B4DC963}
		{5D94DC42-3BC3-46F0-8A0E-5D9A832F107B} = {5D94DC42-3BC3-46F0-8A0E-5D9A832F107B}
		{8AE48058-0B1C-4A39-B087-59B21744F892} = {8AE48058-0B1C-4A39-B087-59B21744F892}
		{941EBC91-E1AB-4801-BBD9-00D0A348DDD4} = {941EBC91-E1AB-4801-BBD9-00D0A348DDD4}
		{6A95DEB4-D20D-4C63-9DCF-691B6FD730BA} = {6A95DEB4-D20D-4C63-9DCF-691B6FD730BA}
	EndProjectSection
EndProject
Project("{8BC9CEB8-8B4A-11D0-8D11-00A0C91BC942}") = "horizonProgram", "..\horizonProgram\horizonProgram.vcxproj", "{6A95DEB4-D20D-4C63-9DCF-691B6FD730BA}"
	ProjectSection(ProjectDependencies) = postProject
		{8AE48058-0B1C-4A39-B087-59B21744F892} = {8AE48058-0B1C-4A39-B087-59B21744F892}
	EndProjectSection
EndProject
Project("{8BC9CEB8-8B4A-11D0-8D11-00A0C91BC942}") = "horizonUtil", "..\horizonUtil\horizonUtil.vcxproj", "{8AE48058-0B1C-4A39-B087-59B21744F892}"
EndProject
Project("{8BC9CEB8-8B4A-11D0-8D11-00A0C91BC942}") = "horizonResource", "..\horizonResource\horizonResource.vcxproj", "{941EBC91-E1AB-4801-BBD9-00D0A348DDD4}"
	ProjectSection(ProjectDependencies) = postProject
		{8AE48058-0B1C-4A39-B087-59B21744F892} = {8AE48058-0B1C-4A39-B087-59B21744F892}
		{6A95DEB4-D20D-4C63-9DCF-691B6FD730BA} = {6A95DEB4-D20D-4C63-9DCF-691B6FD730BA}
	EndProjectSection
EndProject
Project("{2150E333-8FDC-42A3-9474-1A3956D46DE8}") = "Readme", "Readme", "{EF61CF82-2DB2-4A20-94EA-0A0FD8613B08}"
	ProjectSection(SolutionItems) = preProject
		todo.h = todo.h
	EndProjectSection
EndProject
Global
	GlobalSection(SolutionConfigurationPlatforms) = preSolution
		Debug|x64 = Debug|x64
		Debug|x86 = Debug|x86
		Release|x64 = Release|x64
		Release|x86 = Release|x86
	EndGlobalSection
	GlobalSection(ProjectConfigurationPlatforms) = postSolution
		{E887020F-B2C7-4D85-BB2D-E4E66B4DC963}.Debug|x64.ActiveCfg = Debug|x64
		{E887020F-B2C7-4D85-BB2D-E4E66B4DC963}.Debug|x64.Build.0 = Debug|x64
		{E887020F-B2C7-4D85-BB2D-E4E66B4DC963}.Debug|x86.ActiveCfg = Debug|Win32
		{E887020F-B2C7-4D85-BB2D-E4E66B4DC963}.Debug|x86.Build.0 = Debug|Win32
		{E887020F-B2C7-4D85-BB2D-E4E66B4DC963}.Release|x64.ActiveCfg = Release|x64
		{E887020F-B2C7-4D85-BB2D-E4E66B4DC963}.Release|x64.Build.0 = Release|x64
		{E887020F-B2C7-4D85-BB2D-E4E66B4DC963}.Release|x86.ActiveCfg = Release|Win32
		{E887020F-B2C7-4D85-BB2D-E4E66B4DC963}.Release|x86.Build.0 = Release|Win32
		{5D94DC42-3BC3-46F0-8A0E-5D9A832F107B}.Debug|x64.ActiveCfg = Debug|x64
		{5D94DC42-3BC3-46F0-8A0E-5D9A832F107B}.Debug|x64.Build.0 = Debug|x64
		{5D94DC42-3BC3-46F0-8A0E-5D9A832F107B}.Debug|x86.ActiveCfg = Debug|Win32
		{5D94DC42-3BC3-46F0-8A0E-5D9A832F107B}.Debug|x86.Build.0 = Debug|Win32
		{5D94DC42-3BC3-46F0-8A0E-5D9A832F107B}.Release|x64.ActiveCfg = Release|x64
		{5D94DC42-3BC3-46F0-8A0E-5D9A832F107B}.Release|x64.Build.0 = Release|x64
		{5D94DC42-3BC3-46F0-8A0E-5D9A832F107B}.Release|x86.ActiveCfg = Release|Win32
		{5D94DC42-3BC3-46F0-8A0E-5D9A832F107B}.Release|x86.Build.0 = Release|Win32
		{F46A28B0-986B-4EB4-A165-FF9090C91E0F}.Debug|x64.ActiveCfg = Debug|x64
		{F46A28B0-986B-4EB4-A165-FF9090C91E0F}.Debug|x64.Build.0 = Debug|x64
		{F46A28B0-986B-4EB4-A165-FF9090C91E0F}.Debug|x86.ActiveCfg = Debug|Win32
		{F46A28B0-986B-4EB4-A165-FF9090C91E0F}.Debug|x86.Build.0 = Debug|Win32
		{F46A28B0-986B-4EB4-A165-FF9090C91E0F}.Release|x64.ActiveCfg = Release|x64
		{F46A28B0-986B-4EB4-A165-FF9090C91E0F}.Release|x64.Build.0 = Release|x64
		{F46A28B0-986B-4EB4-A165-FF9090C91E0F}.Release|x86.ActiveCfg = Release|Win32
		{F46A28B0-986B-4EB4-A165-FF9090C91E0F}.Release|x86.Build.0 = Release|Win32
		{6A95DEB4-D20D-4C63-9DCF-691B6FD730BA}.Debug|x64.ActiveCfg = Debug|x64
		{6A95DEB4-D20D-4C63-9DCF-691B6FD730BA}.Debug|x64.Build.0 = Debug|x64
		{6A95DEB4-D20D-4C63-9DCF-691B6FD730BA}.Debug|x86.ActiveCfg = Debug|Win32
		{6A95DEB4-D20D-4C63-9DCF-691B6FD730BA}.Debug|x86.Build.0 = Debug|Win32
		{6A95DEB4-D20D-4C63-9DCF-691B6FD730BA}.Release|x64.ActiveCfg = Release|x64
		{6A95DEB4-D20D-4C63-9DCF-691B6FD730BA}.Release|x64.Build.0 = Release|x64
		{6A95DEB4-D20D-4C63-9DCF-691B6FD730BA}.Release|x86.ActiveCfg = Release|Win32
		{6A95DEB4-D20D-4C63-9DCF-691B6FD730BA}.Release|x86.Build.0 = Release|Win32
		{8AE48058-0B1C-4A39-B087-59B21744F892}.Debug|x64.ActiveCfg = Debug|x64
		{8AE48058-0B1C-4A39-B087-59B21744F892}.Debug|x64.Build.0 = Debug|x64
		{8AE48058-0B1C-4A39-B087-59B21744F892}.Debug|x86.ActiveCfg = Debug|Win32
		{8AE48058-0B1C-4A39-B087-59B21744F892}.Debug|x86.Build.0 = Debug|Win32
		{8AE48058-0B1C-4A39-B087-59B21744F892}.Release|x64.ActiveCfg = Release|x64
		{8AE48058-0B1C-4A39-B087-59B21744F892}.Release|x64.Build.0 = Release|x64
		{8AE48058-0B1C-4A39-B087-59B21744F892}.Release|x86.ActiveCfg = Release|Win32
		{8AE48058-0B1C-4A39-B087-59B21744F892}.Release|x86.Build.0 = Release|Win32
		{941EBC91-E1AB-4801-BBD9-00D0A348DDD4}.Debug|x64.ActiveCfg = Debug|x64
		{941EBC91-E1AB-4801-BBD9-00D0A348DDD4}.Debug|x64.Build.0 = Debug|x64
		{941EBC91-E1AB-4801-BBD9-00D0A348DDD4}.Debug|x86.ActiveCfg = Debug|Win32
		{941EBC91-E1AB-4801-BBD9-00D0A348DDD4}.Debug|x86.Build.0 = Debug|Win32
		{941EBC91-E1AB-4801-BBD9-00D0A348DDD4}.Release|x64.ActiveCfg = Release|x64
		{941EBC91-E1AB-4801-BBD9-00D0A348DDD4}.Release|x64.Build.0 = Release|x64
		{941EBC91-E1AB-4801-BBD9-00D0A348DDD4}.Release|x86.ActiveCfg = Release|Win32
		{941EBC91-E1AB-4801-BBD9-00D0A348DDD4}.Release|x86.Build.0 = Release|Win32
	EndGlobalSection
	GlobalSection(SolutionProperties) = preSolution
		HideSolutionNode = FALSE
	EndGlobalSection
	GlobalSection(ExtensibilityGlobals) = postSolution
		SolutionGuid = {AD7604E3-99A6-4460-A3BF-6EC6D068693B}
	EndGlobalSection
EndGlobal
