<?xml version="1.0" encoding="utf-8"?>
<Project ToolsVersion="4.0" xmlns="http://schemas.microsoft.com/developer/msbuild/2003">
  <ItemGroup>
    <Filter Include="Source Files">
      <UniqueIdentifier>{4FC737F1-C7A5-4376-A066-2A32D752A2FF}</UniqueIdentifier>
      <Extensions>cpp;c;cc;cxx;c++;cppm;ixx;def;odl;idl;hpj;bat;asm;asmx</Extensions>
    </Filter>
    <Filter Include="Header Files">
      <UniqueIdentifier>{93995380-89BD-4b04-88EB-625FBE52EBFB}</UniqueIdentifier>
      <Extensions>h;hh;hpp;hxx;h++;hm;inl;inc;ipp;xsd</Extensions>
    </Filter>
    <Filter Include="Resource Files">
      <UniqueIdentifier>{67DA6AB6-F800-4c08-8B7A-83BB121AAD01}</UniqueIdentifier>
      <Extensions>rc;ico;cur;bmp;dlg;rc2;rct;bin;rgs;gif;jpg;jpeg;jpe;resx;tiff;tif;png;wav;mfcribbon-ms</Extensions>
    </Filter>
    <Filter Include="Source Files\main">
      <UniqueIdentifier>{771f2c16-ebf4-4b3c-a2fb-64117abfa89d}</UniqueIdentifier>
    </Filter>
    <Filter Include="Source Files\render">
      <UniqueIdentifier>{47bed2fa-b4bb-400a-a67b-c8dd7b07268b}</UniqueIdentifier>
    </Filter>
    <Filter Include="Source Files\util">
      <UniqueIdentifier>{5cde5274-dab5-4a8c-a828-1044307a0a17}</UniqueIdentifier>
    </Filter>
    <Filter Include="Header Files\render">
      <UniqueIdentifier>{85caed10-e38c-4f2b-a97d-649eadc8e662}</UniqueIdentifier>
    </Filter>
    <Filter Include="Header Files\util">
      <UniqueIdentifier>{ad36fc56-5847-49a7-b9a8-f67ebccbaa58}</UniqueIdentifier>
    </Filter>
    <Filter Include="Header Files\generators">
      <UniqueIdentifier>{6209778b-405b-43c5-a311-a5cbeeec3c7b}</UniqueIdentifier>
    </Filter>
    <Filter Include="Source Files\generators">
      <UniqueIdentifier>{f21143d0-afc4-45f7-921a-e38dc98a09f0}</UniqueIdentifier>
    </Filter>
    <Filter Include="Header Files\main">
      <UniqueIdentifier>{5a92f1b0-b6b7-4355-bf82-66097c529dd2}</UniqueIdentifier>
    </Filter>
  </ItemGroup>
  <ItemGroup>
    <ClCompile Include="code\source\main\dllmain_render.cpp">
      <Filter>Source Files\main</Filter>
    </ClCompile>
    <ClCompile Include="code\source\render\GPUdriver.cpp">
      <Filter>Source Files\render</Filter>
    </ClCompile>
    <ClCompile Include="code\source\render\paint.cpp">
      <Filter>Source Files\render</Filter>
    </ClCompile>
    <ClCompile Include="code\source\render\printw.cpp">
      <Filter>Source Files\render</Filter>
    </ClCompile>
    <ClCompile Include="code\source\render\renderCommand.cpp">
      <Filter>Source Files\render</Filter>
    </ClCompile>
    <ClCompile Include="code\source\render\renderLayer.cpp">
      <Filter>Source Files\render</Filter>
    </ClCompile>
    <ClCompile Include="code\source\render\renderLow.cpp">
      <Filter>Source Files\render</Filter>
    </ClCompile>
    <ClCompile Include="code\source\render\rmodel.cpp">
      <Filter>Source Files\render</Filter>
    </ClCompile>
    <ClCompile Include="code\source\util\global_vars_render.cpp">
      <Filter>Source Files\util</Filter>
    </ClCompile>
    <ClCompile Include="code\source\render\camera.cpp">
      <Filter>Source Files\render</Filter>
    </ClCompile>
    <ClCompile Include="code\source\generators\editmodel.cpp">
      <Filter>Source Files\generators</Filter>
    </ClCompile>
  </ItemGroup>
  <ItemGroup>
    <ClInclude Include="code\include\render\camera.h">
      <Filter>Header Files\render</Filter>
    </ClInclude>
    <ClInclude Include="code\include\render\GPUdriver.h">
      <Filter>Header Files\render</Filter>
    </ClInclude>
    <ClInclude Include="code\include\render\paint.h">
      <Filter>Header Files\render</Filter>
    </ClInclude>
    <ClInclude Include="code\include\render\printw.h">
      <Filter>Header Files\render</Filter>
    </ClInclude>
    <ClInclude Include="code\include\render\render.h">
      <Filter>Header Files\render</Filter>
    </ClInclude>
    <ClInclude Include="code\include\render\renderCommand.h">
      <Filter>Header Files\render</Filter>
    </ClInclude>
    <ClInclude Include="code\include\render\renderLayer.h">
      <Filter>Header Files\render</Filter>
    </ClInclude>
    <ClInclude Include="code\include\render\renderLow.h">
      <Filter>Header Files\render</Filter>
    </ClInclude>
    <ClInclude Include="code\include\render\rmodel.h">
      <Filter>Header Files\render</Filter>
    </ClInclude>
    <ClInclude Include="code\include\util\global_vars_render.h">
      <Filter>Header Files\util</Filter>
    </ClInclude>
    <ClInclude Include="code\include\util\globals_render.h">
      <Filter>Header Files\util</Filter>
    </ClInclude>
    <ClInclude Include="code\include\generators\editmodel.h">
      <Filter>Header Files\generators</Filter>
    </ClInclude>
    <ClInclude Include="code\include\main\framework_render.h">
      <Filter>Header Files\main</Filter>
    </ClInclude>
    <ClInclude Include="code\include\main\main_render.h">
      <Filter>Header Files\main</Filter>
    </ClInclude>
  </ItemGroup>
</Project>