<?xml version="1.0" encoding="utf-8"?>
<Project ToolsVersion="4.0" xmlns="http://schemas.microsoft.com/developer/msbuild/2003">
  <ItemGroup>
    <Filter Include="Source Files">
      <UniqueIdentifier>{4FC737F1-C7A5-4376-A066-2A32D752A2FF}</UniqueIdentifier>
      <Extensions>cpp;c;cc;cxx;c++;cppm;ixx;def;odl;idl;hpj;bat;asm;asmx</Extensions>
    </Filter>
    <Filter Include="Header Files">
      <UniqueIdentifier>{93995380-89BD-4b04-88EB-625FBE52EBFB}</UniqueIdentifier>
      <Extensions>h;hh;hpp;hxx;h++;hm;inl;inc;ipp;xsd</Extensions>
    </Filter>
    <Filter Include="Resource Files">
      <UniqueIdentifier>{67DA6AB6-F800-4c08-8B7A-83BB121AAD01}</UniqueIdentifier>
      <Extensions>rc;ico;cur;bmp;dlg;rc2;rct;bin;rgs;gif;jpg;jpeg;jpe;resx;tiff;tif;png;wav;mfcribbon-ms</Extensions>
    </Filter>
    <Filter Include="Source Files\main">
      <UniqueIdentifier>{8b4298c3-f374-421a-8e8c-59de7090a8ac}</UniqueIdentifier>
    </Filter>
    <Filter Include="Header Files\main">
      <UniqueIdentifier>{8c959f40-fdec-4364-b2bd-52fb7145cc67}</UniqueIdentifier>
    </Filter>
    <Filter Include="Header Files\util">
      <UniqueIdentifier>{dafdbd6d-9eb1-4593-8c27-2893b6fcec68}</UniqueIdentifier>
    </Filter>
    <Filter Include="Header Files\math">
      <UniqueIdentifier>{aaa755bb-c985-47a1-bfe5-18e5afd136cf}</UniqueIdentifier>
    </Filter>
    <Filter Include="Header Files\Ext">
      <UniqueIdentifier>{7001d784-cc8c-41b3-a2ba-3032f8a84a53}</UniqueIdentifier>
    </Filter>
    <Filter Include="Header Files\Ext\glm">
      <UniqueIdentifier>{fea16cda-5328-45a9-ae30-095a86fc8e25}</UniqueIdentifier>
    </Filter>
    <Filter Include="Source Files\math">
      <UniqueIdentifier>{ac6dbc6a-6a36-4d78-95ec-bf8813cf7836}</UniqueIdentifier>
    </Filter>
    <Filter Include="Source Files\util">
      <UniqueIdentifier>{41d6aee0-a64e-45be-8163-f448a65d6086}</UniqueIdentifier>
    </Filter>
  </ItemGroup>
  <ItemGroup>
    <ClCompile Include="code\source\main\dllmain_util.cpp">
      <Filter>Source Files\main</Filter>
    </ClCompile>
    <ClCompile Include="code\source\math\fancymath.cpp">
      <Filter>Source Files\math</Filter>
    </ClCompile>
    <ClCompile Include="code\source\math\geometry.cpp">
      <Filter>Source Files\math</Filter>
    </ClCompile>
    <ClCompile Include="code\source\math\simplemath.cpp">
      <Filter>Source Files\math</Filter>
    </ClCompile>
    <ClCompile Include="code\source\math\vec.cpp">
      <Filter>Source Files\math</Filter>
    </ClCompile>
    <ClCompile Include="code\source\util\debug.cpp">
      <Filter>Source Files\util</Filter>
    </ClCompile>
    <ClCompile Include="code\source\util\elastic_ptr.cpp">
      <Filter>Source Files\util</Filter>
    </ClCompile>
    <ClCompile Include="code\source\util\event.cpp">
      <Filter>Source Files\util</Filter>
    </ClCompile>
    <ClCompile Include="code\source\util\hook.cpp">
      <Filter>Source Files\util</Filter>
    </ClCompile>
    <ClCompile Include="code\source\util\stringUtils.cpp">
      <Filter>Source Files\util</Filter>
    </ClCompile>
    <ClCompile Include="code\source\util\timer.cpp">
      <Filter>Source Files\util</Filter>
    </ClCompile>
    <ClCompile Include="code\source\util\util.cpp">
      <Filter>Source Files\util</Filter>
    </ClCompile>
    <ClCompile Include="code\source\util\global_vars_util.cpp">
      <Filter>Source Files\util</Filter>
    </ClCompile>
  </ItemGroup>
  <ItemGroup>
    <ClInclude Include="code\include\main\framework_util.h">
      <Filter>Header Files\main</Filter>
    </ClInclude>
    <ClInclude Include="code\include\util\globals_util.h">
      <Filter>Header Files\util</Filter>
    </ClInclude>
    <ClInclude Include="code\include\util\debug.h">
      <Filter>Header Files\util</Filter>
    </ClInclude>
    <ClInclude Include="code\include\util\elastic_ptr.h">
      <Filter>Header Files\util</Filter>
    </ClInclude>
    <ClInclude Include="code\include\util\event.h">
      <Filter>Header Files\util</Filter>
    </ClInclude>
    <ClInclude Include="code\include\util\hook.h">
      <Filter>Header Files\util</Filter>
    </ClInclude>
    <ClInclude Include="code\include\util\stringUtils.h">
      <Filter>Header Files\util</Filter>
    </ClInclude>
    <ClInclude Include="code\include\util\timer.h">
      <Filter>Header Files\util</Filter>
    </ClInclude>
    <ClInclude Include="code\include\util\util.h">
      <Filter>Header Files\util</Filter>
    </ClInclude>
    <ClInclude Include="code\include\math\fancymath.h">
      <Filter>Header Files\math</Filter>
    </ClInclude>
    <ClInclude Include="code\include\math\geometry.h">
      <Filter>Header Files\math</Filter>
    </ClInclude>
    <ClInclude Include="code\include\math\simplemath.h">
      <Filter>Header Files\math</Filter>
    </ClInclude>
    <ClInclude Include="code\include\math\vec.h">
      <Filter>Header Files\math</Filter>
    </ClInclude>
    <ClInclude Include="code\include\Ext\glm\glm.hpp">
      <Filter>Header Files\Ext\glm</Filter>
    </ClInclude>
    <ClInclude Include="code\include\util\global_vars_util.h">
      <Filter>Header Files\util</Filter>
    </ClInclude>
  </ItemGroup>
</Project>