<?xml version="1.0" encoding="UTF-8" standalone="yes" ?>
<CodeBlocks_project_file>
	<FileVersion major="1" minor="6" />
	<Project>
		<Option title="Horizon" />
		<Option pch_mode="2" />
		<Option compiler="gcc" />
		<Build>
			<Target title="Debug">
				<Option output="../../bin/Horizon_Debug" prefix_auto="1" extension_auto="1" />
				<Option working_dir="../../../horizon" />
				<Option object_output="obj/Debug/" />
				<Option type="1" />
				<Option compiler="gcc" />
				<Option projectCompilerOptionsRelation="0" />
				<Option projectLinkerOptionsRelation="0" />
				<Option projectIncludeDirsRelation="0" />
				<Compiler>
					<Add option="-Wnon-virtual-dtor" />
					<Add option="-Winline" />
					<Add option="-Wunreachable-code" />
					<Add option="-Wmissing-include-dirs" />
					<Add option="-Wfatal-errors" />
					<Add option="-g" />
				</Compiler>
				<Linker>
					<Add option="-O1" />
				</Linker>
			</Target>
			<Target title="Release">
				<Option output="../../bin/Horizon_Release" prefix_auto="1" extension_auto="1" />
				<Option working_dir="../../../horizon" />
				<Option object_output="obj/Release/" />
				<Option type="1" />
				<Option compiler="gcc" />
				<Option projectCompilerOptionsRelation="0" />
				<Option projectLinkerOptionsRelation="0" />
				<Option projectIncludeDirsRelation="0" />
				<Compiler>
					<Add option="-O2" />
				</Compiler>
				<Linker>
					<Add option="-s" />
				</Linker>
			</Target>
		</Build>
		<Compiler>
			<Add option="-g" />
			<Add option="-fmax-errors=1" />
			<Add option="-std=gnu++17" />
			<Add option="-Wno-narrowing" />
			<Add option="-fno-tree-vectorize" />
			<Add directory="../../code/include" />
			<Add directory="../../code/include/entity" />
			<Add directory="../../code/include/experimental" />
			<Add directory="../../code/include/gadgets" />
			<Add directory="../../code/include/game" />
			<Add directory="../../code/include/generators" />
			<Add directory="../../code/include/input" />
			<Add directory="../../code/include/loaders" />
			<Add directory="../../code/include/main" />
			<Add directory="../../code/include/math" />
			<Add directory="../../code/include/physics" />
			<Add directory="../../code/include/physics/collision" />
			<Add directory="../../code/include/program" />
			<Add directory="../../code/include/render" />
			<Add directory="../../code/include/render/GUI" />
			<Add directory="../../code/include/resource" />
			<Add directory="../../code/include/util" />
			<Add directory="../../codeExt/includeExt" />
			<Add directory="../../codeExt/includeExt/freetype" />
			<Add directory="../../codeExt/includeExt/GL" />
			<Add directory="../../codeExt/includeExt/glm" />
			<Add directory="../../codeExt/includeExt/SDL2" />
		</Compiler>
		<Linker>
			<Add option="-lglew32" />
			<Add option="-lopengl32" />
			<Add option="-lmingw32" />
			<Add option="-lSDL2" />
			<Add option="-lSDL2main" />
			<Add option="-lfreetype" />
			<Add directory="../../libs" />
			<Add directory="../../bin" />
		</Linker>
		<Unit filename="../../codeExt/includeExt/GL/glew.h" />
		<Unit filename="../../codeExt/includeExt/GL/glxew.h" />
		<Unit filename="../../codeExt/includeExt/GL/wglew.h" />
		<Unit filename="../../codeExt/includeExt/SDL2/SDL.h" />
		<Unit filename="../../codeExt/includeExt/SDL2/SDL_assert.h" />
		<Unit filename="../../codeExt/includeExt/SDL2/SDL_atomic.h" />
		<Unit filename="../../codeExt/includeExt/SDL2/SDL_audio.h" />
		<Unit filename="../../codeExt/includeExt/SDL2/SDL_bits.h" />
		<Unit filename="../../codeExt/includeExt/SDL2/SDL_blendmode.h" />
		<Unit filename="../../codeExt/includeExt/SDL2/SDL_clipboard.h" />
		<Unit filename="../../codeExt/includeExt/SDL2/SDL_config.h" />
		<Unit filename="../../codeExt/includeExt/SDL2/SDL_cpuinfo.h" />
		<Unit filename="../../codeExt/includeExt/SDL2/SDL_egl.h" />
		<Unit filename="../../codeExt/includeExt/SDL2/SDL_endian.h" />
		<Unit filename="../../codeExt/includeExt/SDL2/SDL_error.h" />
		<Unit filename="../../codeExt/includeExt/SDL2/SDL_events.h" />
		<Unit filename="../../codeExt/includeExt/SDL2/SDL_filesystem.h" />
		<Unit filename="../../codeExt/includeExt/SDL2/SDL_gamecontroller.h" />
		<Unit filename="../../codeExt/includeExt/SDL2/SDL_gesture.h" />
		<Unit filename="../../codeExt/includeExt/SDL2/SDL_haptic.h" />
		<Unit filename="../../codeExt/includeExt/SDL2/SDL_hints.h" />
		<Unit filename="../../codeExt/includeExt/SDL2/SDL_joystick.h" />
		<Unit filename="../../codeExt/includeExt/SDL2/SDL_keyboard.h" />
		<Unit filename="../../codeExt/includeExt/SDL2/SDL_keycode.h" />
		<Unit filename="../../codeExt/includeExt/SDL2/SDL_loadso.h" />
		<Unit filename="../../codeExt/includeExt/SDL2/SDL_log.h" />
		<Unit filename="../../codeExt/includeExt/SDL2/SDL_main.h" />
		<Unit filename="../../codeExt/includeExt/SDL2/SDL_messagebox.h" />
		<Unit filename="../../codeExt/includeExt/SDL2/SDL_mouse.h" />
		<Unit filename="../../codeExt/includeExt/SDL2/SDL_mutex.h" />
		<Unit filename="../../codeExt/includeExt/SDL2/SDL_name.h" />
		<Unit filename="../../codeExt/includeExt/SDL2/SDL_opengl.h" />
		<Unit filename="../../codeExt/includeExt/SDL2/SDL_opengl_glext.h" />
		<Unit filename="../../codeExt/includeExt/SDL2/SDL_opengles.h" />
		<Unit filename="../../codeExt/includeExt/SDL2/SDL_opengles2.h" />
		<Unit filename="../../codeExt/includeExt/SDL2/SDL_opengles2_gl2.h" />
		<Unit filename="../../codeExt/includeExt/SDL2/SDL_opengles2_gl2ext.h" />
		<Unit filename="../../codeExt/includeExt/SDL2/SDL_opengles2_gl2platform.h" />
		<Unit filename="../../codeExt/includeExt/SDL2/SDL_opengles2_khrplatform.h" />
		<Unit filename="../../codeExt/includeExt/SDL2/SDL_pixels.h" />
		<Unit filename="../../codeExt/includeExt/SDL2/SDL_platform.h" />
		<Unit filename="../../codeExt/includeExt/SDL2/SDL_power.h" />
		<Unit filename="../../codeExt/includeExt/SDL2/SDL_quit.h" />
		<Unit filename="../../codeExt/includeExt/SDL2/SDL_rect.h" />
		<Unit filename="../../codeExt/includeExt/SDL2/SDL_render.h" />
		<Unit filename="../../codeExt/includeExt/SDL2/SDL_revision.h" />
		<Unit filename="../../codeExt/includeExt/SDL2/SDL_rwops.h" />
		<Unit filename="../../codeExt/includeExt/SDL2/SDL_scancode.h" />
		<Unit filename="../../codeExt/includeExt/SDL2/SDL_shape.h" />
		<Unit filename="../../codeExt/includeExt/SDL2/SDL_stdinc.h" />
		<Unit filename="../../codeExt/includeExt/SDL2/SDL_surface.h" />
		<Unit filename="../../codeExt/includeExt/SDL2/SDL_system.h" />
		<Unit filename="../../codeExt/includeExt/SDL2/SDL_syswm.h" />
		<Unit filename="../../codeExt/includeExt/SDL2/SDL_test.h" />
		<Unit filename="../../codeExt/includeExt/SDL2/SDL_test_assert.h" />
		<Unit filename="../../codeExt/includeExt/SDL2/SDL_test_common.h" />
		<Unit filename="../../codeExt/includeExt/SDL2/SDL_test_compare.h" />
		<Unit filename="../../codeExt/includeExt/SDL2/SDL_test_crc32.h" />
		<Unit filename="../../codeExt/includeExt/SDL2/SDL_test_font.h" />
		<Unit filename="../../codeExt/includeExt/SDL2/SDL_test_fuzzer.h" />
		<Unit filename="../../codeExt/includeExt/SDL2/SDL_test_harness.h" />
		<Unit filename="../../codeExt/includeExt/SDL2/SDL_test_images.h" />
		<Unit filename="../../codeExt/includeExt/SDL2/SDL_test_log.h" />
		<Unit filename="../../codeExt/includeExt/SDL2/SDL_test_md5.h" />
		<Unit filename="../../codeExt/includeExt/SDL2/SDL_test_random.h" />
		<Unit filename="../../codeExt/includeExt/SDL2/SDL_thread.h" />
		<Unit filename="../../codeExt/includeExt/SDL2/SDL_timer.h" />
		<Unit filename="../../codeExt/includeExt/SDL2/SDL_touch.h" />
		<Unit filename="../../codeExt/includeExt/SDL2/SDL_types.h" />
		<Unit filename="../../codeExt/includeExt/SDL2/SDL_version.h" />
		<Unit filename="../../codeExt/includeExt/SDL2/SDL_video.h" />
		<Unit filename="../../codeExt/includeExt/SDL2/begin_code.h" />
		<Unit filename="../../codeExt/includeExt/SDL2/close_code.h" />
		<Unit filename="../../codeExt/includeExt/freetype/config/ftconfig.h" />
		<Unit filename="../../codeExt/includeExt/freetype/config/ftheader.h" />
		<Unit filename="../../codeExt/includeExt/freetype/config/ftmodule.h" />
		<Unit filename="../../codeExt/includeExt/freetype/config/ftoption.h" />
		<Unit filename="../../codeExt/includeExt/freetype/config/ftstdlib.h" />
		<Unit filename="../../codeExt/includeExt/freetype/freetype.h" />
		<Unit filename="../../codeExt/includeExt/freetype/ftadvanc.h" />
		<Unit filename="../../codeExt/includeExt/freetype/ftautoh.h" />
		<Unit filename="../../codeExt/includeExt/freetype/ftbbox.h" />
		<Unit filename="../../codeExt/includeExt/freetype/ftbdf.h" />
		<Unit filename="../../codeExt/includeExt/freetype/ftbitmap.h" />
		<Unit filename="../../codeExt/includeExt/freetype/ftbzip2.h" />
		<Unit filename="../../codeExt/includeExt/freetype/ftcache.h" />
		<Unit filename="../../codeExt/includeExt/freetype/ftcffdrv.h" />
		<Unit filename="../../codeExt/includeExt/freetype/ftchapters.h" />
		<Unit filename="../../codeExt/includeExt/freetype/ftcid.h" />
		<Unit filename="../../codeExt/includeExt/freetype/fterrdef.h" />
		<Unit filename="../../codeExt/includeExt/freetype/fterrors.h" />
		<Unit filename="../../codeExt/includeExt/freetype/ftfntfmt.h" />
		<Unit filename="../../codeExt/includeExt/freetype/ftgasp.h" />
		<Unit filename="../../codeExt/includeExt/freetype/ftglyph.h" />
		<Unit filename="../../codeExt/includeExt/freetype/ftgxval.h" />
		<Unit filename="../../codeExt/includeExt/freetype/ftgzip.h" />
		<Unit filename="../../codeExt/includeExt/freetype/ftimage.h" />
		<Unit filename="../../codeExt/includeExt/freetype/ftincrem.h" />
		<Unit filename="../../codeExt/includeExt/freetype/ftlcdfil.h" />
		<Unit filename="../../codeExt/includeExt/freetype/ftlist.h" />
		<Unit filename="../../codeExt/includeExt/freetype/ftlzw.h" />
		<Unit filename="../../codeExt/includeExt/freetype/ftmac.h" />
		<Unit filename="../../codeExt/includeExt/freetype/ftmm.h" />
		<Unit filename="../../codeExt/includeExt/freetype/ftmodapi.h" />
		<Unit filename="../../codeExt/includeExt/freetype/ftmoderr.h" />
		<Unit filename="../../codeExt/includeExt/freetype/ftotval.h" />
		<Unit filename="../../codeExt/includeExt/freetype/ftoutln.h" />
		<Unit filename="../../codeExt/includeExt/freetype/ftpfr.h" />
		<Unit filename="../../codeExt/includeExt/freetype/ftrender.h" />
		<Unit filename="../../codeExt/includeExt/freetype/ftsizes.h" />
		<Unit filename="../../codeExt/includeExt/freetype/ftsnames.h" />
		<Unit filename="../../codeExt/includeExt/freetype/ftstroke.h" />
		<Unit filename="../../codeExt/includeExt/freetype/ftsynth.h" />
		<Unit filename="../../codeExt/includeExt/freetype/ftsystem.h" />
		<Unit filename="../../codeExt/includeExt/freetype/fttrigon.h" />
		<Unit filename="../../codeExt/includeExt/freetype/ftttdrv.h" />
		<Unit filename="../../codeExt/includeExt/freetype/fttypes.h" />
		<Unit filename="../../codeExt/includeExt/freetype/ftwinfnt.h" />
		<Unit filename="../../codeExt/includeExt/freetype/internal/autohint.h" />
		<Unit filename="../../codeExt/includeExt/freetype/internal/ftcalc.h" />
		<Unit filename="../../codeExt/includeExt/freetype/internal/ftdebug.h" />
		<Unit filename="../../codeExt/includeExt/freetype/internal/ftdriver.h" />
		<Unit filename="../../codeExt/includeExt/freetype/internal/ftgloadr.h" />
		<Unit filename="../../codeExt/includeExt/freetype/internal/fthash.h" />
		<Unit filename="../../codeExt/includeExt/freetype/internal/ftmemory.h" />
		<Unit filename="../../codeExt/includeExt/freetype/internal/ftobjs.h" />
		<Unit filename="../../codeExt/includeExt/freetype/internal/ftpic.h" />
		<Unit filename="../../codeExt/includeExt/freetype/internal/ftrfork.h" />
		<Unit filename="../../codeExt/includeExt/freetype/internal/ftserv.h" />
		<Unit filename="../../codeExt/includeExt/freetype/internal/ftstream.h" />
		<Unit filename="../../codeExt/includeExt/freetype/internal/fttrace.h" />
		<Unit filename="../../codeExt/includeExt/freetype/internal/ftvalid.h" />
		<Unit filename="../../codeExt/includeExt/freetype/internal/internal.h" />
		<Unit filename="../../codeExt/includeExt/freetype/internal/psaux.h" />
		<Unit filename="../../codeExt/includeExt/freetype/internal/pshints.h" />
		<Unit filename="../../codeExt/includeExt/freetype/internal/services/svbdf.h" />
		<Unit filename="../../codeExt/includeExt/freetype/internal/services/svcid.h" />
		<Unit filename="../../codeExt/includeExt/freetype/internal/services/svfntfmt.h" />
		<Unit filename="../../codeExt/includeExt/freetype/internal/services/svgldict.h" />
		<Unit filename="../../codeExt/includeExt/freetype/internal/services/svgxval.h" />
		<Unit filename="../../codeExt/includeExt/freetype/internal/services/svkern.h" />
		<Unit filename="../../codeExt/includeExt/freetype/internal/services/svmm.h" />
		<Unit filename="../../codeExt/includeExt/freetype/internal/services/svotval.h" />
		<Unit filename="../../codeExt/includeExt/freetype/internal/services/svpfr.h" />
		<Unit filename="../../codeExt/includeExt/freetype/internal/services/svpostnm.h" />
		<Unit filename="../../codeExt/includeExt/freetype/internal/services/svprop.h" />
		<Unit filename="../../codeExt/includeExt/freetype/internal/services/svpscmap.h" />
		<Unit filename="../../codeExt/includeExt/freetype/internal/services/svpsinfo.h" />
		<Unit filename="../../codeExt/includeExt/freetype/internal/services/svsfnt.h" />
		<Unit filename="../../codeExt/includeExt/freetype/internal/services/svttcmap.h" />
		<Unit filename="../../codeExt/includeExt/freetype/internal/services/svtteng.h" />
		<Unit filename="../../codeExt/includeExt/freetype/internal/services/svttglyf.h" />
		<Unit filename="../../codeExt/includeExt/freetype/internal/services/svwinfnt.h" />
		<Unit filename="../../codeExt/includeExt/freetype/internal/sfnt.h" />
		<Unit filename="../../codeExt/includeExt/freetype/internal/t1types.h" />
		<Unit filename="../../codeExt/includeExt/freetype/internal/tttypes.h" />
		<Unit filename="../../codeExt/includeExt/freetype/t1tables.h" />
		<Unit filename="../../codeExt/includeExt/freetype/ttnameid.h" />
		<Unit filename="../../codeExt/includeExt/freetype/tttables.h" />
		<Unit filename="../../codeExt/includeExt/freetype/tttags.h" />
		<Unit filename="../../codeExt/includeExt/freetype/ttunpat.h" />
		<Unit filename="../../codeExt/includeExt/glm/common.hpp" />
		<Unit filename="../../codeExt/includeExt/glm/detail/_features.hpp" />
		<Unit filename="../../codeExt/includeExt/glm/detail/_fixes.hpp" />
		<Unit filename="../../codeExt/includeExt/glm/detail/_noise.hpp" />
		<Unit filename="../../codeExt/includeExt/glm/detail/_swizzle.hpp" />
		<Unit filename="../../codeExt/includeExt/glm/detail/_swizzle_func.hpp" />
		<Unit filename="../../codeExt/includeExt/glm/detail/_vectorize.hpp" />
		<Unit filename="../../codeExt/includeExt/glm/detail/func_common.hpp" />
		<Unit filename="../../codeExt/includeExt/glm/detail/func_exponential.hpp" />
		<Unit filename="../../codeExt/includeExt/glm/detail/func_geometric.hpp" />
		<Unit filename="../../codeExt/includeExt/glm/detail/func_integer.hpp" />
		<Unit filename="../../codeExt/includeExt/glm/detail/func_matrix.hpp" />
		<Unit filename="../../codeExt/includeExt/glm/detail/func_packing.hpp" />
		<Unit filename="../../codeExt/includeExt/glm/detail/func_trigonometric.hpp" />
		<Unit filename="../../codeExt/includeExt/glm/detail/func_vector_relational.hpp" />
		<Unit filename="../../codeExt/includeExt/glm/detail/precision.hpp" />
		<Unit filename="../../codeExt/includeExt/glm/detail/setup.hpp" />
		<Unit filename="../../codeExt/includeExt/glm/detail/type_float.hpp" />
		<Unit filename="../../codeExt/includeExt/glm/detail/type_gentype.hpp" />
		<Unit filename="../../codeExt/includeExt/glm/detail/type_half.hpp" />
		<Unit filename="../../codeExt/includeExt/glm/detail/type_int.hpp" />
		<Unit filename="../../codeExt/includeExt/glm/detail/type_mat.hpp" />
		<Unit filename="../../codeExt/includeExt/glm/detail/type_mat2x2.hpp" />
		<Unit filename="../../codeExt/includeExt/glm/detail/type_mat2x3.hpp" />
		<Unit filename="../../codeExt/includeExt/glm/detail/type_mat2x4.hpp" />
		<Unit filename="../../codeExt/includeExt/glm/detail/type_mat3x2.hpp" />
		<Unit filename="../../codeExt/includeExt/glm/detail/type_mat3x3.hpp" />
		<Unit filename="../../codeExt/includeExt/glm/detail/type_mat3x4.hpp" />
		<Unit filename="../../codeExt/includeExt/glm/detail/type_mat4x2.hpp" />
		<Unit filename="../../codeExt/includeExt/glm/detail/type_mat4x3.hpp" />
		<Unit filename="../../codeExt/includeExt/glm/detail/type_mat4x4.hpp" />
		<Unit filename="../../codeExt/includeExt/glm/detail/type_vec.hpp" />
		<Unit filename="../../codeExt/includeExt/glm/detail/type_vec1.hpp" />
		<Unit filename="../../codeExt/includeExt/glm/detail/type_vec2.hpp" />
		<Unit filename="../../codeExt/includeExt/glm/detail/type_vec3.hpp" />
		<Unit filename="../../codeExt/includeExt/glm/detail/type_vec4.hpp" />
		<Unit filename="../../codeExt/includeExt/glm/exponential.hpp" />
		<Unit filename="../../codeExt/includeExt/glm/ext.hpp" />
		<Unit filename="../../codeExt/includeExt/glm/fwd.hpp" />
		<Unit filename="../../codeExt/includeExt/glm/geometric.hpp" />
		<Unit filename="../../codeExt/includeExt/glm/glm.hpp" />
		<Unit filename="../../codeExt/includeExt/glm/gtc/bitfield.hpp" />
		<Unit filename="../../codeExt/includeExt/glm/gtc/color_space.hpp" />
		<Unit filename="../../codeExt/includeExt/glm/gtc/constants.hpp" />
		<Unit filename="../../codeExt/includeExt/glm/gtc/epsilon.hpp" />
		<Unit filename="../../codeExt/includeExt/glm/gtc/functions.hpp" />
		<Unit filename="../../codeExt/includeExt/glm/gtc/integer.hpp" />
		<Unit filename="../../codeExt/includeExt/glm/gtc/matrix_access.hpp" />
		<Unit filename="../../codeExt/includeExt/glm/gtc/matrix_integer.hpp" />
		<Unit filename="../../codeExt/includeExt/glm/gtc/matrix_inverse.hpp" />
		<Unit filename="../../codeExt/includeExt/glm/gtc/matrix_transform.hpp" />
		<Unit filename="../../codeExt/includeExt/glm/gtc/noise.hpp" />
		<Unit filename="../../codeExt/includeExt/glm/gtc/packing.hpp" />
		<Unit filename="../../codeExt/includeExt/glm/gtc/quaternion.hpp" />
		<Unit filename="../../codeExt/includeExt/glm/gtc/random.hpp" />
		<Unit filename="../../codeExt/includeExt/glm/gtc/reciprocal.hpp" />
		<Unit filename="../../codeExt/includeExt/glm/gtc/round.hpp" />
		<Unit filename="../../codeExt/includeExt/glm/gtc/type_aligned.hpp" />
		<Unit filename="../../codeExt/includeExt/glm/gtc/type_precision.hpp" />
		<Unit filename="../../codeExt/includeExt/glm/gtc/type_ptr.hpp" />
		<Unit filename="../../codeExt/includeExt/glm/gtc/ulp.hpp" />
		<Unit filename="../../codeExt/includeExt/glm/gtc/vec1.hpp" />
		<Unit filename="../../codeExt/includeExt/glm/gtx/associated_min_max.hpp" />
		<Unit filename="../../codeExt/includeExt/glm/gtx/bit.hpp" />
		<Unit filename="../../codeExt/includeExt/glm/gtx/closest_point.hpp" />
		<Unit filename="../../codeExt/includeExt/glm/gtx/color_space.hpp" />
		<Unit filename="../../codeExt/includeExt/glm/gtx/color_space_YCoCg.hpp" />
		<Unit filename="../../codeExt/includeExt/glm/gtx/common.hpp" />
		<Unit filename="../../codeExt/includeExt/glm/gtx/compatibility.hpp" />
		<Unit filename="../../codeExt/includeExt/glm/gtx/component_wise.hpp" />
		<Unit filename="../../codeExt/includeExt/glm/gtx/dual_quaternion.hpp" />
		<Unit filename="../../codeExt/includeExt/glm/gtx/euler_angles.hpp" />
		<Unit filename="../../codeExt/includeExt/glm/gtx/extend.hpp" />
		<Unit filename="../../codeExt/includeExt/glm/gtx/extended_min_max.hpp" />
		<Unit filename="../../codeExt/includeExt/glm/gtx/fast_exponential.hpp" />
		<Unit filename="../../codeExt/includeExt/glm/gtx/fast_square_root.hpp" />
		<Unit filename="../../codeExt/includeExt/glm/gtx/fast_trigonometry.hpp" />
		<Unit filename="../../codeExt/includeExt/glm/gtx/gradient_paint.hpp" />
		<Unit filename="../../codeExt/includeExt/glm/gtx/handed_coordinate_space.hpp" />
		<Unit filename="../../codeExt/includeExt/glm/gtx/hash.hpp" />
		<Unit filename="../../codeExt/includeExt/glm/gtx/integer.hpp" />
		<Unit filename="../../codeExt/includeExt/glm/gtx/intersect.hpp" />
		<Unit filename="../../codeExt/includeExt/glm/gtx/io.hpp" />
		<Unit filename="../../codeExt/includeExt/glm/gtx/log_base.hpp" />
		<Unit filename="../../codeExt/includeExt/glm/gtx/matrix_cross_product.hpp" />
		<Unit filename="../../codeExt/includeExt/glm/gtx/matrix_decompose.hpp" />
		<Unit filename="../../codeExt/includeExt/glm/gtx/matrix_interpolation.hpp" />
		<Unit filename="../../codeExt/includeExt/glm/gtx/matrix_major_storage.hpp" />
		<Unit filename="../../codeExt/includeExt/glm/gtx/matrix_operation.hpp" />
		<Unit filename="../../codeExt/includeExt/glm/gtx/matrix_query.hpp" />
		<Unit filename="../../codeExt/includeExt/glm/gtx/matrix_transform_2d.hpp" />
		<Unit filename="../../codeExt/includeExt/glm/gtx/mixed_product.hpp" />
		<Unit filename="../../codeExt/includeExt/glm/gtx/norm.hpp" />
		<Unit filename="../../codeExt/includeExt/glm/gtx/normal.hpp" />
		<Unit filename="../../codeExt/includeExt/glm/gtx/normalize_dot.hpp" />
		<Unit filename="../../codeExt/includeExt/glm/gtx/number_precision.hpp" />
		<Unit filename="../../codeExt/includeExt/glm/gtx/optimum_pow.hpp" />
		<Unit filename="../../codeExt/includeExt/glm/gtx/orthonormalize.hpp" />
		<Unit filename="../../codeExt/includeExt/glm/gtx/perpendicular.hpp" />
		<Unit filename="../../codeExt/includeExt/glm/gtx/polar_coordinates.hpp" />
		<Unit filename="../../codeExt/includeExt/glm/gtx/projection.hpp" />
		<Unit filename="../../codeExt/includeExt/glm/gtx/quaternion.hpp" />
		<Unit filename="../../codeExt/includeExt/glm/gtx/range.hpp" />
		<Unit filename="../../codeExt/includeExt/glm/gtx/raw_data.hpp" />
		<Unit filename="../../codeExt/includeExt/glm/gtx/rotate_normalized_axis.hpp" />
		<Unit filename="../../codeExt/includeExt/glm/gtx/rotate_vector.hpp" />
		<Unit filename="../../codeExt/includeExt/glm/gtx/scalar_multiplication.hpp" />
		<Unit filename="../../codeExt/includeExt/glm/gtx/scalar_relational.hpp" />
		<Unit filename="../../codeExt/includeExt/glm/gtx/simd_mat4.hpp" />
		<Unit filename="../../codeExt/includeExt/glm/gtx/simd_quat.hpp" />
		<Unit filename="../../codeExt/includeExt/glm/gtx/simd_vec4.hpp" />
		<Unit filename="../../codeExt/includeExt/glm/gtx/spline.hpp" />
		<Unit filename="../../codeExt/includeExt/glm/gtx/std_based_type.hpp" />
		<Unit filename="../../codeExt/includeExt/glm/gtx/string_cast.hpp" />
		<Unit filename="../../codeExt/includeExt/glm/gtx/transform.hpp" />
		<Unit filename="../../codeExt/includeExt/glm/gtx/transform2.hpp" />
		<Unit filename="../../codeExt/includeExt/glm/gtx/type_aligned.hpp" />
		<Unit filename="../../codeExt/includeExt/glm/gtx/type_trait.hpp" />
		<Unit filename="../../codeExt/includeExt/glm/gtx/vector_angle.hpp" />
		<Unit filename="../../codeExt/includeExt/glm/gtx/vector_query.hpp" />
		<Unit filename="../../codeExt/includeExt/glm/gtx/wrap.hpp" />
		<Unit filename="../../codeExt/includeExt/glm/integer.hpp" />
		<Unit filename="../../codeExt/includeExt/glm/mat2x2.hpp" />
		<Unit filename="../../codeExt/includeExt/glm/mat2x3.hpp" />
		<Unit filename="../../codeExt/includeExt/glm/mat2x4.hpp" />
		<Unit filename="../../codeExt/includeExt/glm/mat3x2.hpp" />
		<Unit filename="../../codeExt/includeExt/glm/mat3x3.hpp" />
		<Unit filename="../../codeExt/includeExt/glm/mat3x4.hpp" />
		<Unit filename="../../codeExt/includeExt/glm/mat4x2.hpp" />
		<Unit filename="../../codeExt/includeExt/glm/mat4x3.hpp" />
		<Unit filename="../../codeExt/includeExt/glm/mat4x4.hpp" />
		<Unit filename="../../codeExt/includeExt/glm/matrix.hpp" />
		<Unit filename="../../codeExt/includeExt/glm/packing.hpp" />
		<Unit filename="../../codeExt/includeExt/glm/simd/common.h" />
		<Unit filename="../../codeExt/includeExt/glm/simd/exponential.h" />
		<Unit filename="../../codeExt/includeExt/glm/simd/geometric.h" />
		<Unit filename="../../codeExt/includeExt/glm/simd/integer.h" />
		<Unit filename="../../codeExt/includeExt/glm/simd/matrix.h" />
		<Unit filename="../../codeExt/includeExt/glm/simd/packing.h" />
		<Unit filename="../../codeExt/includeExt/glm/simd/platform.h" />
		<Unit filename="../../codeExt/includeExt/glm/simd/trigonometric.h" />
		<Unit filename="../../codeExt/includeExt/glm/simd/vector_relational.h" />
		<Unit filename="../../codeExt/includeExt/glm/trigonometric.hpp" />
		<Unit filename="../../codeExt/includeExt/glm/vec2.hpp" />
		<Unit filename="../../codeExt/includeExt/glm/vec3.hpp" />
		<Unit filename="../../codeExt/includeExt/glm/vec4.hpp" />
		<Unit filename="../../codeExt/includeExt/glm/vector_relational.hpp" />
		<Unit filename="../../code/include/entity/ecs.h" />
		<Unit filename="../../code/include/entity/entity.h" />
		<Unit filename="../../code/include/experimental/editor2.h" />
		<Unit filename="../../code/include/experimental/gui_editor.h" />
		<Unit filename="../../code/include/experimental/map_editor.h" />
		<Unit filename="../../code/include/experimental/node_graph.h" />
		<Unit filename="../../code/include/gadgets/console.h" />
		<Unit filename="../../code/include/gadgets/frameprinter.h" />
		<Unit filename="../../code/include/gadgets/gui_filedialog.h" />
		<Unit filename="../../code/include/gadgets/notificationbox.h" />
		<Unit filename="../../code/include/gadgets/picker.h" />
		<Unit filename="../../code/include/game/AIcontroller.h" />
		<Unit filename="../../code/include/game/GUIwindows.h" />
		<Unit filename="../../code/include/game/commands.h" />
		<Unit filename="../../code/include/game/game.h" />
		<Unit filename="../../code/include/generators/editmodel.h" />
		<Unit filename="../../code/include/generators/modelcomposite.h" />
		<Unit filename="../../code/include/generators/modelprimitives.h" />
		<Unit filename="../../code/include/generators/physbox.h" />
		<Unit filename="../../code/include/input/input.h" />
		<Unit filename="../../code/include/input/inputController.h" />
		<Unit filename="../../code/include/input/keybinds.h" />
		<Unit filename="../../code/include/loaders/fontLoader.h" />
		<Unit filename="../../code/include/loaders/ft2build.h" />
		<Unit filename="../../code/include/loaders/imageLoader.h" />
		<Unit filename="../../code/include/loaders/modelLoader.h" />
		<Unit filename="../../code/include/loaders/stb_image.h" />
		<Unit filename="../../code/include/loaders/stb_image_write.h" />
		<Unit filename="../../code/include/loaders/textureLoader.h" />
		<Unit filename="../../code/include/loaders/tiny_obj_loader.h" />
		<Unit filename="../../code/include/main/main.h" />
		<Unit filename="../../code/include/math/fancymath.h" />
		<Unit filename="../../code/include/math/geometry.h" />
		<Unit filename="../../code/include/math/simplemath.h" />
		<Unit filename="../../code/include/math/vec.h" />
		<Unit filename="../../code/include/physics/characterController.h" />
		<Unit filename="../../code/include/physics/collision/broadphase.h" />
		<Unit filename="../../code/include/physics/collision/collision.h" />
		<Unit filename="../../code/include/physics/collision/narrowphase.h" />
		<Unit filename="../../code/include/physics/collision/resolution.h" />
		<Unit filename="../../code/include/physics/octree.h" />
		<Unit filename="../../code/include/program/file.h" />
		<Unit filename="../../code/include/program/window.h" />
		<Unit filename="../../code/include/render/GPUdriver.h" />
		<Unit filename="../../code/include/render/GUI.h" />
		<Unit filename="../../code/include/render/GUI/GUI_internal.h" />
		<Unit filename="../../code/include/render/GUI/GUIbase.h" />
		<Unit filename="../../code/include/render/GUI/GUIbutton.h" />
		<Unit filename="../../code/include/render/GUI/GUIframe.h" />
		<Unit filename="../../code/include/render/GUI/GUIgrid.h" />
		<Unit filename="../../code/include/render/GUI/GUIimage.h" />
		<Unit filename="../../code/include/render/GUI/GUIlabel.h" />
		<Unit filename="../../code/include/render/GUI/GUIscrollbar.h" />
		<Unit filename="../../code/include/render/GUI/GUItextentry.h" />
		<Unit filename="../../code/include/render/GUI/GUIwindow.h" />
		<Unit filename="../../code/include/render/camera.h" />
		<Unit filename="../../code/include/render/paint.h" />
		<Unit filename="../../code/include/render/paintHelper.h" />
		<Unit filename="../../code/include/render/printw.h" />
		<Unit filename="../../code/include/render/render.h" />
		<Unit filename="../../code/include/render/renderCommand.h" />
		<Unit filename="../../code/include/render/renderLayer.h" />
		<Unit filename="../../code/include/render/renderLow.h" />
		<Unit filename="../../code/include/render/rmodel.h" />
		<Unit filename="../../code/include/resource/atlas.h" />
		<Unit filename="../../code/include/resource/bitmap.h" />
		<Unit filename="../../code/include/resource/fonts.h" />
		<Unit filename="../../code/include/resource/model.h" />
		<Unit filename="../../code/include/resource/resource.h" />
		<Unit filename="../../code/include/resource/texture.h" />
		<Unit filename="../../code/include/util/animation.h" />
		<Unit filename="../../code/include/util/debug.h" />
		<Unit filename="../../code/include/util/elastic_ptr.h" />
		<Unit filename="../../code/include/util/event.h" />
		<Unit filename="../../code/include/util/globals.h" />
		<Unit filename="../../code/include/util/hook.h" />
		<Unit filename="../../code/include/util/mouse.h" />
		<Unit filename="../../code/include/util/operators.h" />
		<Unit filename="../../code/include/util/paramList.h" />
		<Unit filename="../../code/include/util/stringUtils.h" />
		<Unit filename="../../code/include/util/timer.h" />
		<Unit filename="../../code/include/util/util.h" />
		<Unit filename="../../code/source/entity/ecs.cpp" />
		<Unit filename="../../code/source/entity/entity.cpp" />
		<Unit filename="../../code/source/experimental/editor2.cpp" />
		<Unit filename="../../code/source/experimental/gui_editor.cpp" />
		<Unit filename="../../code/source/experimental/map_editor.cpp" />
		<Unit filename="../../code/source/experimental/node_graph.cpp" />
		<Unit filename="../../code/source/gadgets/console.cpp" />
		<Unit filename="../../code/source/gadgets/frameprinter.cpp" />
		<Unit filename="../../code/source/gadgets/gui_filedialog.cpp" />
		<Unit filename="../../code/source/gadgets/notificationbox.cpp" />
		<Unit filename="../../code/source/gadgets/picker.cpp" />
		<Unit filename="../../code/source/game/AIcontroller.cpp" />
		<Unit filename="../../code/source/game/GUIwindows.cpp" />
		<Unit filename="../../code/source/game/commands.cpp" />
		<Unit filename="../../code/source/generators/editmodel.cpp" />
		<Unit filename="../../code/source/generators/modelcomposite.cpp" />
		<Unit filename="../../code/source/generators/modelprimitives.cpp" />
		<Unit filename="../../code/source/generators/physbox.cpp" />
		<Unit filename="../../code/source/input/input.cpp" />
		<Unit filename="../../code/source/input/inputController.cpp" />
		<Unit filename="../../code/source/input/keybinds.cpp" />
		<Unit filename="../../code/source/input/mouse.cpp" />
		<Unit filename="../../code/source/loaders/fontLoader.cpp" />
		<Unit filename="../../code/source/loaders/imageLoader.cpp" />
		<Unit filename="../../code/source/loaders/modelLoader.cpp" />
		<Unit filename="../../code/source/loaders/textureLoader.cpp" />
		<Unit filename="../../code/source/main/main.cpp" />
		<Unit filename="../../code/source/math/fancymath.cpp" />
		<Unit filename="../../code/source/math/geometry.cpp" />
		<Unit filename="../../code/source/math/simplemath.cpp" />
		<Unit filename="../../code/source/math/vec.cpp" />
		<Unit filename="../../code/source/physics/characterController.cpp" />
		<Unit filename="../../code/source/physics/collision.cpp" />
		<Unit filename="../../code/source/physics/collision/broadphase.cpp" />
		<Unit filename="../../code/source/physics/collision/narrowphase.cpp" />
		<Unit filename="../../code/source/physics/collision/resolution.cpp" />
		<Unit filename="../../code/source/physics/octree.cpp" />
		<Unit filename="../../code/source/program/file.cpp" />
		<Unit filename="../../code/source/program/window.cpp" />
		<Unit filename="../../code/source/render/GPUdriver.cpp" />
		<Unit filename="../../code/source/render/GUI.cpp" />
		<Unit filename="../../code/source/render/GUI/GUI_internal.cpp" />
		<Unit filename="../../code/source/render/GUI/GUIbase.cpp" />
		<Unit filename="../../code/source/render/GUI/GUIbutton.cpp" />
		<Unit filename="../../code/source/render/GUI/GUIframe.cpp" />
		<Unit filename="../../code/source/render/GUI/GUIgrid.cpp" />
		<Unit filename="../../code/source/render/GUI/GUIimage.cpp" />
		<Unit filename="../../code/source/render/GUI/GUIlabel.cpp" />
		<Unit filename="../../code/source/render/GUI/GUIscrollbar.cpp" />
		<Unit filename="../../code/source/render/GUI/GUItextentry.cpp" />
		<Unit filename="../../code/source/render/GUI/GUIwindow.cpp" />
		<Unit filename="../../code/source/render/camera.cpp" />
		<Unit filename="../../code/source/render/paint.cpp" />
		<Unit filename="../../code/source/render/paintHelper.cpp" />
		<Unit filename="../../code/source/render/printw.cpp" />
		<Unit filename="../../code/source/render/render.cpp" />
		<Unit filename="../../code/source/render/renderCommand.cpp" />
		<Unit filename="../../code/source/render/renderLayer.cpp" />
		<Unit filename="../../code/source/render/renderLow.cpp" />
		<Unit filename="../../code/source/render/rmodel.cpp" />
		<Unit filename="../../code/source/resource/atlas.cpp" />
		<Unit filename="../../code/source/resource/bitmap.cpp" />
		<Unit filename="../../code/source/resource/fonts.cpp" />
		<Unit filename="../../code/source/resource/model.cpp" />
		<Unit filename="../../code/source/resource/resource.cpp" />
		<Unit filename="../../code/source/resource/texture.cpp" />
		<Unit filename="../../code/source/util/animation.cpp" />
		<Unit filename="../../code/source/util/debug.cpp" />
		<Unit filename="../../code/source/util/elastic_ptr.cpp" />
		<Unit filename="../../code/source/util/event.cpp" />
		<Unit filename="../../code/source/util/hook.cpp" />
		<Unit filename="../../code/source/util/paramList.cpp" />
		<Unit filename="../../code/source/util/stringUtils.cpp" />
		<Unit filename="../../code/source/util/timer.cpp" />
		<Unit filename="../../code/source/util/util.cpp" />
		<Extensions>
			<code_completion />
			<envvars />
			<debugger />
		</Extensions>
	</Project>
</CodeBlocks_project_file>
